{
  "nodes": {
    "nixpkgs": {
      "locked": {
        "lastModified": 1778893784,
        "narHash": "sha256-EDThl5ard0jh2t9FWZB/vdSzA5Qqea9l26lz5tbxzQQ=",
        "owner": "NixOS",
        "repo": "nixpkgs",
        "rev": "e0e08612300f19308b83668861c2fabaceba8967",
        "type": "github"
      },
      "original": {
        "owner": "NixOS",
        "ref": "nixpkgs-25.11-darwin",
        "repo": "nixpkgs",
        "type": "github"
      }
    },
    "root": {
      "inputs": {
        "nixpkgs": "nixpkgs",
        "systems": "systems"
      }
    },
    "systems": {
      "locked": {
        "lastModified": 1681028828,
        "narHash": "sha256-Vy1rq5AaRuLzOxct8nz4T6wlgyUR7zLU309k9mBC768=",
        "owner": "nix-systems",
        "repo": "default",
        "rev": "da67096a3b9bf56a91d16901293e51ba5b49a27e",
        "type": "github"
      },
      "original": {
        "owner": "nix-systems",
        "repo": "default",
        "type": "github"
      }
    }
  },
  "root": "root",
  "version": 7
}
