{
  "name": "@umccr/elsa-types",
  "version": "1.0.0",
  "lockfileVersion": 2,
  "requires": true,
  "packages": {
    "": {
      "name": "@umccr/elsa-types",
      "version": "1.0.0",
      "license": "MIT",
      "dependencies": {
        "@sinclair/typebox": "0.34.9"
      },
      "devDependencies": {
        "typescript": "5.2.2"
      }
    },
    "node_modules/@sinclair/typebox": {
      "version": "0.34.9",
      "resolved": "https://registry.npmjs.org/@sinclair/typebox/-/typebox-0.34.9.tgz",
      "integrity": "sha512-KTuEZ4UHIp8rNgbLrsQwmGo4cCVj/AHPG3DsI1VvfzudG8dzpZNCV4qm4NWfYY02ReB5INVyuq6xGrl3Ks8vAQ==",
      "license": "MIT"
    },
    "node_modules/typescript": {
      "version": "5.2.2",
      "resolved": "https://registry.npmjs.org/typescript/-/typescript-5.2.2.tgz",
      "integrity": "sha512-mI4WrpHsbCIcwT9cF4FZvr80QUeKvsUsUvKDoR+X/7XHQH98xYD8YHZg7ANtz2GtZt/CBq2QJ0thkGJMHfqc1w==",
      "dev": true,
      "license": "Apache-2.0",
      "bin": {
        "tsc": "bin/tsc",
        "tsserver": "bin/tsserver"
      },
      "engines": {
        "node": ">=14.17"
      }
    }
  },
  "dependencies": {
    "@sinclair/typebox": {
      "version": "0.34.9",
      "resolved": "https://registry.npmjs.org/@sinclair/typebox/-/typebox-0.34.9.tgz",
      "integrity": "sha512-KTuEZ4UHIp8rNgbLrsQwmGo4cCVj/AHPG3DsI1VvfzudG8dzpZNCV4qm4NWfYY02ReB5INVyuq6xGrl3Ks8vAQ=="
    },
    "typescript": {
      "version": "5.2.2",
      "resolved": "https://registry.npmjs.org/typescript/-/typescript-5.2.2.tgz",
      "integrity": "sha512-mI4WrpHsbCIcwT9cF4FZvr80QUeKvsUsUvKDoR+X/7XHQH98xYD8YHZg7ANtz2GtZt/CBq2QJ0thkGJMHfqc1w==",
      "dev": true
    }
  }
}
