{
  "name": "@umccr/elsa-types",
  "version": "1.0.0",
  "lockfileVersion": 2,
  "requires": true,
  "packages": {
    "": {
      "name": "@umccr/elsa-types",
      "version": "1.0.0",
      "license": "MIT",
      "dependencies": {
        "@sinclair/typebox": "0.24.41"
      },
      "devDependencies": {
        "typescript": "4.8.3"
      }
    },
    "node_modules/@sinclair/typebox": {
      "version": "0.24.41",
      "resolved": "https://registry.npmjs.org/@sinclair/typebox/-/typebox-0.24.41.tgz",
      "integrity": "sha512-TJCgQurls4FipFvHeC+gfAzb+GGstL0TDwYJKQVtTeSvJIznWzP7g3bAd5gEBlr8+bIxqnWS9VGVWREDhmE8jA=="
    },
    "node_modules/typescript": {
      "version": "4.8.3",
      "resolved": "https://registry.npmjs.org/typescript/-/typescript-4.8.3.tgz",
      "integrity": "sha512-goMHfm00nWPa8UvR/CPSvykqf6dVV8x/dp0c5mFTMTIu0u0FlGWRioyy7Nn0PGAdHxpJZnuO/ut+PpQ8UiHAig==",
      "dev": true,
      "bin": {
        "tsc": "bin/tsc",
        "tsserver": "bin/tsserver"
      },
      "engines": {
        "node": ">=4.2.0"
      }
    }
  },
  "dependencies": {
    "@sinclair/typebox": {
      "version": "0.24.41",
      "resolved": "https://registry.npmjs.org/@sinclair/typebox/-/typebox-0.24.41.tgz",
      "integrity": "sha512-TJCgQurls4FipFvHeC+gfAzb+GGstL0TDwYJKQVtTeSvJIznWzP7g3bAd5gEBlr8+bIxqnWS9VGVWREDhmE8jA=="
    },
    "typescript": {
      "version": "4.8.3",
      "resolved": "https://registry.npmjs.org/typescript/-/typescript-4.8.3.tgz",
      "integrity": "sha512-goMHfm00nWPa8UvR/CPSvykqf6dVV8x/dp0c5mFTMTIu0u0FlGWRioyy7Nn0PGAdHxpJZnuO/ut+PpQ8UiHAig==",
      "dev": true
    }
  }
}
